
Microsoft Visual Studio Solution File, Format Version 12.00
# Visual Studio Version 17
VisualStudioVersion = 17.3.32804.467
MinimumVisualStudioVersion = 10.0.40219.1
Project("{9A19103F-16F7-4668-BE54-9A1E7A4F7556}") = "EFShop.UI", "EFShop.UI\EFShop.UI.csproj", "{1B597D55-CED5-4282-A312-F76099C02535}"
	ProjectSection(ProjectDependencies) = postProject
		{C067F86C-F32F-4BD5-8ED9-5CD0365ECE7B} = {C067F86C-F32F-4BD5-8ED9-5CD0365ECE7B}
	EndProjectSection
EndProject
Project("{9A19103F-16F7-4668-BE54-9A1E7A4F7556}") = "EFShop.Data", "EFShop.Data\EFShop.Data.csproj", "{C067F86C-F32F-4BD5-8ED9-5CD0365ECE7B}"
EndProject
Global
	GlobalSection(SolutionConfigurationPlatforms) = preSolution
		Debug|Any CPU = Debug|Any CPU
		Release|Any CPU = Release|Any CPU
	EndGlobalSection
	GlobalSection(ProjectConfigurationPlatforms) = postSolution
		{1B597D55-CED5-4282-A312-F76099C02535}.Debug|Any CPU.ActiveCfg = Debug|Any CPU
		{1B597D55-CED5-4282-A312-F76099C02535}.Debug|Any CPU.Build.0 = Debug|Any CPU
		{1B597D55-CED5-4282-A312-F76099C02535}.Release|Any CPU.ActiveCfg = Release|Any CPU
		{1B597D55-CED5-4282-A312-F76099C02535}.Release|Any CPU.Build.0 = Release|Any CPU
		{C067F86C-F32F-4BD5-8ED9-5CD0365ECE7B}.Debug|Any CPU.ActiveCfg = Debug|Any CPU
		{C067F86C-F32F-4BD5-8ED9-5CD0365ECE7B}.Debug|Any CPU.Build.0 = Debug|Any CPU
		{C067F86C-F32F-4BD5-8ED9-5CD0365ECE7B}.Release|Any CPU.ActiveCfg = Release|Any CPU
		{C067F86C-F32F-4BD5-8ED9-5CD0365ECE7B}.Release|Any CPU.Build.0 = Release|Any CPU
	EndGlobalSection
	GlobalSection(SolutionProperties) = preSolution
		HideSolutionNode = FALSE
	EndGlobalSection
	GlobalSection(ExtensibilityGlobals) = postSolution
		SolutionGuid = {7EA7A0A8-C56B-4F8C-BCBA-D4720A6EDC5C}
	EndGlobalSection
EndGlobal
